
Microsoft Visual Studio Solution File, Format Version 11.00
# Visual Studio 2010
Project("{FAE04EC0-301F-11D3-BF4B-00C04F79EFBC}") = "ConsoleApplication1", "ConsoleApplication1\ConsoleApplication1.csproj", "{100775F8-EDF2-4165-B9D6-785D4E991745}"
EndProject
Project("{FAE04EC0-301F-11D3-BF4B-00C04F79EFBC}") = "UnitTestProject", "UnitTestProject\UnitTestProject.csproj", "{03C94ACD-7450-408F-90E9-645AD8DB4781}"
EndProject
Project("{2150E333-8FDC-42A3-9474-1A3956D46DE8}") = "Solution Items", "Solution Items", "{E4DC8F90-3FFA-4A3A-B6EC-815405286594}"
	ProjectSection(SolutionItems) = preProject
		ConsoleApplication1.vsmdi = ConsoleApplication1.vsmdi
		Local.testsettings = Local.testsettings
		TraceAndTestImpact.testsettings = TraceAndTestImpact.testsettings
	EndProjectSection
EndProject
Project("{FAE04EC0-301F-11D3-BF4B-00C04F79EFBC}") = "SilverlightTest1", "SilverlightTest1\SilverlightTest1.csproj", "{70186577-650A-4684-8168-3F648463EF8F}"
EndProject
Project("{FAE04EC0-301F-11D3-BF4B-00C04F79EFBC}") = "SilverlightTest1.Web", "SilverlightTest1.Web\SilverlightTest1.Web.csproj", "{AAF71DA3-2B50-4BAB-B80D-5BDBC4CBBA1C}"
EndProject
Global
	GlobalSection(TestCaseManagementSettings) = postSolution
		CategoryFile = ConsoleApplication1.vsmdi
	EndGlobalSection
	GlobalSection(SolutionConfigurationPlatforms) = preSolution
		Debug|Any CPU = Debug|Any CPU
		Debug|Mixed Platforms = Debug|Mixed Platforms
		Debug|x86 = Debug|x86
		Release|Any CPU = Release|Any CPU
		Release|Mixed Platforms = Release|Mixed Platforms
		Release|x86 = Release|x86
	EndGlobalSection
	GlobalSection(ProjectConfigurationPlatforms) = postSolution
		{100775F8-EDF2-4165-B9D6-785D4E991745}.Debug|Any CPU.ActiveCfg = Debug|x86
		{100775F8-EDF2-4165-B9D6-785D4E991745}.Debug|Mixed Platforms.ActiveCfg = Debug|x86
		{100775F8-EDF2-4165-B9D6-785D4E991745}.Debug|Mixed Platforms.Build.0 = Debug|x86
		{100775F8-EDF2-4165-B9D6-785D4E991745}.Debug|x86.ActiveCfg = Debug|x86
		{100775F8-EDF2-4165-B9D6-785D4E991745}.Debug|x86.Build.0 = Debug|x86
		{100775F8-EDF2-4165-B9D6-785D4E991745}.Release|Any CPU.ActiveCfg = Release|x86
		{100775F8-EDF2-4165-B9D6-785D4E991745}.Release|Mixed Platforms.ActiveCfg = Release|x86
		{100775F8-EDF2-4165-B9D6-785D4E991745}.Release|Mixed Platforms.Build.0 = Release|x86
		{100775F8-EDF2-4165-B9D6-785D4E991745}.Release|x86.ActiveCfg = Release|x86
		{100775F8-EDF2-4165-B9D6-785D4E991745}.Release|x86.Build.0 = Release|x86
		{03C94ACD-7450-408F-90E9-645AD8DB4781}.Debug|Any CPU.ActiveCfg = Debug|Any CPU
		{03C94ACD-7450-408F-90E9-645AD8DB4781}.Debug|Any CPU.Build.0 = Debug|Any CPU
		{03C94ACD-7450-408F-90E9-645AD8DB4781}.Debug|Mixed Platforms.ActiveCfg = Debug|Any CPU
		{03C94ACD-7450-408F-90E9-645AD8DB4781}.Debug|Mixed Platforms.Build.0 = Debug|Any CPU
		{03C94ACD-7450-408F-90E9-645AD8DB4781}.Debug|x86.ActiveCfg = Debug|Any CPU
		{03C94ACD-7450-408F-90E9-645AD8DB4781}.Release|Any CPU.ActiveCfg = Release|Any CPU
		{03C94ACD-7450-408F-90E9-645AD8DB4781}.Release|Any CPU.Build.0 = Release|Any CPU
		{03C94ACD-7450-408F-90E9-645AD8DB4781}.Release|Mixed Platforms.ActiveCfg = Release|Any CPU
		{03C94ACD-7450-408F-90E9-645AD8DB4781}.Release|Mixed Platforms.Build.0 = Release|Any CPU
		{03C94ACD-7450-408F-90E9-645AD8DB4781}.Release|x86.ActiveCfg = Release|Any CPU
		{70186577-650A-4684-8168-3F648463EF8F}.Debug|Any CPU.ActiveCfg = Debug|Any CPU
		{70186577-650A-4684-8168-3F648463EF8F}.Debug|Any CPU.Build.0 = Debug|Any CPU
		{70186577-650A-4684-8168-3F648463EF8F}.Debug|Mixed Platforms.ActiveCfg = Debug|Any CPU
		{70186577-650A-4684-8168-3F648463EF8F}.Debug|Mixed Platforms.Build.0 = Debug|Any CPU
		{70186577-650A-4684-8168-3F648463EF8F}.Debug|x86.ActiveCfg = Debug|Any CPU
		{70186577-650A-4684-8168-3F648463EF8F}.Release|Any CPU.ActiveCfg = Release|Any CPU
		{70186577-650A-4684-8168-3F648463EF8F}.Release|Any CPU.Build.0 = Release|Any CPU
		{70186577-650A-4684-8168-3F648463EF8F}.Release|Mixed Platforms.ActiveCfg = Release|Any CPU
		{70186577-650A-4684-8168-3F648463EF8F}.Release|Mixed Platforms.Build.0 = Release|Any CPU
		{70186577-650A-4684-8168-3F648463EF8F}.Release|x86.ActiveCfg = Release|Any CPU
		{AAF71DA3-2B50-4BAB-B80D-5BDBC4CBBA1C}.Debug|Any CPU.ActiveCfg = Debug|Any CPU
		{AAF71DA3-2B50-4BAB-B80D-5BDBC4CBBA1C}.Debug|Any CPU.Build.0 = Debug|Any CPU
		{AAF71DA3-2B50-4BAB-B80D-5BDBC4CBBA1C}.Debug|Mixed Platforms.ActiveCfg = Debug|Any CPU
		{AAF71DA3-2B50-4BAB-B80D-5BDBC4CBBA1C}.Debug|Mixed Platforms.Build.0 = Debug|Any CPU
		{AAF71DA3-2B50-4BAB-B80D-5BDBC4CBBA1C}.Debug|x86.ActiveCfg = Debug|Any CPU
		{AAF71DA3-2B50-4BAB-B80D-5BDBC4CBBA1C}.Release|Any CPU.ActiveCfg = Release|Any CPU
		{AAF71DA3-2B50-4BAB-B80D-5BDBC4CBBA1C}.Release|Any CPU.Build.0 = Release|Any CPU
		{AAF71DA3-2B50-4BAB-B80D-5BDBC4CBBA1C}.Release|Mixed Platforms.ActiveCfg = Release|Any CPU
		{AAF71DA3-2B50-4BAB-B80D-5BDBC4CBBA1C}.Release|Mixed Platforms.Build.0 = Release|Any CPU
		{AAF71DA3-2B50-4BAB-B80D-5BDBC4CBBA1C}.Release|x86.ActiveCfg = Release|Any CPU
	EndGlobalSection
	GlobalSection(SolutionProperties) = preSolution
		HideSolutionNode = FALSE
	EndGlobalSection
EndGlobal
